// !$*UTF8*$!
{
	archiveVersion = 1;
	classes = {
	};
	objectVersion = 50;
	objects = {

/* Begin PBXBuildFile section */
		458F0653226AB6180053019C /* Message.swift in Sources */ = {isa = PBXBuildFile; fileRef = 458F0652226AB6180053019C /* Message.swift */; };
		458F06582278AC3B0053019C /* GoogleService-Info.plist in Resources */ = {isa = PBXBuildFile; fileRef = 458F06572278AC3B0053019C /* GoogleService-Info.plist */; };
		458F066D227E4AF70053019C /* CustomMessageCell.swift in Sources */ = {isa = PBXBuildFile; fileRef = 458F066B227E4AF70053019C /* CustomMessageCell.swift */; };
		458F066E227E4AF70053019C /* CustomMessageCell.xib in Resources */ = {isa = PBXBuildFile; fileRef = 458F066C227E4AF70053019C /* CustomMessageCell.xib */; };
		45A3B552226914DF005CC12C /* LogInViewController.swift in Sources */ = {isa = PBXBuildFile; fileRef = 45A3B551226914DF005CC12C /* LogInViewController.swift */; };
		45A3B5542269150D005CC12C /* RegisterViewController.swift in Sources */ = {isa = PBXBuildFile; fileRef = 45A3B5532269150D005CC12C /* RegisterViewController.swift */; };
		45A3B55622691534005CC12C /* ChattingViewController.swift in Sources */ = {isa = PBXBuildFile; fileRef = 45A3B55522691534005CC12C /* ChattingViewController.swift */; };
		45B5D0C322655463009B90BD /* AppDelegate.swift in Sources */ = {isa = PBXBuildFile; fileRef = 45B5D0C222655463009B90BD /* AppDelegate.swift */; };
		45B5D0C522655463009B90BD /* WelcomeViewController.swift in Sources */ = {isa = PBXBuildFile; fileRef = 45B5D0C422655463009B90BD /* WelcomeViewController.swift */; };
		45B5D0C822655463009B90BD /* Main.storyboard in Resources */ = {isa = PBXBuildFile; fileRef = 45B5D0C622655463009B90BD /* Main.storyboard */; };
		45B5D0CA22655464009B90BD /* Assets.xcassets in Resources */ = {isa = PBXBuildFile; fileRef = 45B5D0C922655464009B90BD /* Assets.xcassets */; };
		45B5D0CD22655464009B90BD /* LaunchScreen.storyboard in Resources */ = {isa = PBXBuildFile; fileRef = 45B5D0CB22655464009B90BD /* LaunchScreen.storyboard */; };
		B9AD9828C5ADC380C6FE407A /* Pods_Chatting_Time.framework in Frameworks */ = {isa = PBXBuildFile; fileRef = 59B992EEE1BA06DD9487BA9C /* Pods_Chatting_Time.framework */; };
/* End PBXBuildFile section */

/* Begin PBXFileReference section */
		009F94D57BD6CDBF925707A8 /* Pods-Chatting Time.debug.xcconfig */ = {isa = PBXFileReference; includeInIndex = 1; lastKnownFileType = text.xcconfig; name = "Pods-Chatting Time.debug.xcconfig"; path = "Target Support Files/Pods-Chatting Time/Pods-Chatting Time.debug.xcconfig"; sourceTree = "<group>"; };
		458F0652226AB6180053019C /* Message.swift */ = {isa = PBXFileReference; lastKnownFileType = sourcecode.swift; path = Message.swift; sourceTree = "<group>"; };
		458F06572278AC3B0053019C /* GoogleService-Info.plist */ = {isa = PBXFileReference; fileEncoding = 4; lastKnownFileType = text.plist.xml; path = "GoogleService-Info.plist"; sourceTree = "<group>"; };
		458F066B227E4AF70053019C /* CustomMessageCell.swift */ = {isa = PBXFileReference; lastKnownFileType = sourcecode.swift; path = CustomMessageCell.swift; sourceTree = "<group>"; };
		458F066C227E4AF70053019C /* CustomMessageCell.xib */ = {isa = PBXFileReference; lastKnownFileType = file.xib; path = CustomMessageCell.xib; sourceTree = "<group>"; };
		45A3B551226914DF005CC12C /* LogInViewController.swift */ = {isa = PBXFileReference; lastKnownFileType = sourcecode.swift; path = LogInViewController.swift; sourceTree = "<group>"; };
		45A3B5532269150D005CC12C /* RegisterViewController.swift */ = {isa = PBXFileReference; lastKnownFileType = sourcecode.swift; path = RegisterViewController.swift; sourceTree = "<group>"; };
		45A3B55522691534005CC12C /* ChattingViewController.swift */ = {isa = PBXFileReference; lastKnownFileType = sourcecode.swift; path = ChattingViewController.swift; sourceTree = "<group>"; };
		45B5D0BF22655463009B90BD /* Chatting Time.app */ = {isa = PBXFileReference; explicitFileType = wrapper.application; includeInIndex = 0; path = "Chatting Time.app"; sourceTree = BUILT_PRODUCTS_DIR; };
		45B5D0C222655463009B90BD /* AppDelegate.swift */ = {isa = PBXFileReference; lastKnownFileType = sourcecode.swift; path = AppDelegate.swift; sourceTree = "<group>"; };
		45B5D0C422655463009B90BD /* WelcomeViewController.swift */ = {isa = PBXFileReference; lastKnownFileType = sourcecode.swift; path = WelcomeViewController.swift; sourceTree = "<group>"; };
		45B5D0C722655463009B90BD /* Base */ = {isa = PBXFileReference; lastKnownFileType = file.storyboard; name = Base; path = Base.lproj/Main.storyboard; sourceTree = "<group>"; };
		45B5D0C922655464009B90BD /* Assets.xcassets */ = {isa = PBXFileReference; lastKnownFileType = folder.assetcatalog; path = Assets.xcassets; sourceTree = "<group>"; };
		45B5D0CC22655464009B90BD /* Base */ = {isa = PBXFileReference; lastKnownFileType = file.storyboard; name = Base; path = Base.lproj/LaunchScreen.storyboard; sourceTree = "<group>"; };
		45B5D0CE22655464009B90BD /* Info.plist */ = {isa = PBXFileReference; lastKnownFileType = text.plist.xml; path = Info.plist; sourceTree = "<group>"; };
		59B992EEE1BA06DD9487BA9C /* Pods_Chatting_Time.framework */ = {isa = PBXFileReference; explicitFileType = wrapper.framework; includeInIndex = 0; path = Pods_Chatting_Time.framework; sourceTree = BUILT_PRODUCTS_DIR; };
		FF4A3681B76C35B6E314F973 /* Pods-Chatting Time.release.xcconfig */ = {isa = PBXFileReference; includeInIndex = 1; lastKnownFileType = text.xcconfig; name = "Pods-Chatting Time.release.xcconfig"; path = "Target Support Files/Pods-Chatting Time/Pods-Chatting Time.release.xcconfig"; sourceTree = "<group>"; };
/* End PBXFileReference section */

/* Begin PBXFrameworksBuildPhase section */
		45B5D0BC22655463009B90BD /* Frameworks */ = {
			isa = PBXFrameworksBuildPhase;
			buildActionMask = 2147483647;
			files = (
				B9AD9828C5ADC380C6FE407A /* Pods_Chatting_Time.framework in Frameworks */,
			);
			runOnlyForDeploymentPostprocessing = 0;
		};
/* End PBXFrameworksBuildPhase section */

/* Begin PBXGroup section */
		2BE79E7C13320D5C5458C089 /* Frameworks */ = {
			isa = PBXGroup;
			children = (
				59B992EEE1BA06DD9487BA9C /* Pods_Chatting_Time.framework */,
			);
			name = Frameworks;
			sourceTree = "<group>";
		};
		458F0654227899050053019C /* Supporting Files */ = {
			isa = PBXGroup;
			children = (
				45B5D0CE22655464009B90BD /* Info.plist */,
				458F06572278AC3B0053019C /* GoogleService-Info.plist */,
			);
			path = "Supporting Files";
			sourceTree = "<group>";
		};
		458F066A227E4ADD0053019C /* Custom */ = {
			isa = PBXGroup;
			children = (
				458F066B227E4AF70053019C /* CustomMessageCell.swift */,
				458F066C227E4AF70053019C /* CustomMessageCell.xib */,
			);
			path = Custom;
			sourceTree = "<group>";
		};
		45B5D0B622655463009B90BD = {
			isa = PBXGroup;
			children = (
				45B5D0C122655463009B90BD /* Chatting Time */,
				45B5D0C022655463009B90BD /* Products */,
				6B54F611987CD8BFC210EC01 /* Pods */,
				2BE79E7C13320D5C5458C089 /* Frameworks */,
			);
			sourceTree = "<group>";
		};
		45B5D0C022655463009B90BD /* Products */ = {
			isa = PBXGroup;
			children = (
				45B5D0BF22655463009B90BD /* Chatting Time.app */,
			);
			name = Products;
			sourceTree = "<group>";
		};
		45B5D0C122655463009B90BD /* Chatting Time */ = {
			isa = PBXGroup;
			children = (
				45B5D0D42265A8C7009B90BD /* Model */,
				45B5D0D52265A8D1009B90BD /* View */,
				45B5D0D62265A8FB009B90BD /* Controller */,
				45B5D0C922655464009B90BD /* Assets.xcassets */,
				458F0654227899050053019C /* Supporting Files */,
			);
			path = "Chatting Time";
			sourceTree = "<group>";
		};
		45B5D0D42265A8C7009B90BD /* Model */ = {
			isa = PBXGroup;
			children = (
				458F0652226AB6180053019C /* Message.swift */,
			);
			path = Model;
			sourceTree = "<group>";
		};
		45B5D0D52265A8D1009B90BD /* View */ = {
			isa = PBXGroup;
			children = (
				45B5D0C622655463009B90BD /* Main.storyboard */,
				45B5D0CB22655464009B90BD /* LaunchScreen.storyboard */,
				458F066A227E4ADD0053019C /* Custom */,
			);
			path = View;
			sourceTree = "<group>";
		};
		45B5D0D62265A8FB009B90BD /* Controller */ = {
			isa = PBXGroup;
			children = (
				45B5D0C222655463009B90BD /* AppDelegate.swift */,
				45B5D0C422655463009B90BD /* WelcomeViewController.swift */,
				45A3B551226914DF005CC12C /* LogInViewController.swift */,
				45A3B5532269150D005CC12C /* RegisterViewController.swift */,
				45A3B55522691534005CC12C /* ChattingViewController.swift */,
			);
			path = Controller;
			sourceTree = "<group>";
		};
		6B54F611987CD8BFC210EC01 /* Pods */ = {
			isa = PBXGroup;
			children = (
				009F94D57BD6CDBF925707A8 /* Pods-Chatting Time.debug.xcconfig */,
				FF4A3681B76C35B6E314F973 /* Pods-Chatting Time.release.xcconfig */,
			);
			path = Pods;
			sourceTree = "<group>";
		};
/* End PBXGroup section */

/* Begin PBXNativeTarget section */
		45B5D0BE22655463009B90BD /* Chatting Time */ = {
			isa = PBXNativeTarget;
			buildConfigurationList = 45B5D0D122655464009B90BD /* Build configuration list for PBXNativeTarget "Chatting Time" */;
			buildPhases = (
				E26E73EEB92A6B227B788CC2 /* [CP] Check Pods Manifest.lock */,
				45B5D0BB22655463009B90BD /* Sources */,
				45B5D0BC22655463009B90BD /* Frameworks */,
				45B5D0BD22655463009B90BD /* Resources */,
				32FBE15A1B5069F83A110768 /* [CP] Embed Pods Frameworks */,
			);
			buildRules = (
			);
			dependencies = (
			);
			name = "Chatting Time";
			productName = "Chatting Time";
			productReference = 45B5D0BF22655463009B90BD /* Chatting Time.app */;
			productType = "com.apple.product-type.application";
		};
/* End PBXNativeTarget section */

/* Begin PBXProject section */
		45B5D0B722655463009B90BD /* Project object */ = {
			isa = PBXProject;
			attributes = {
				LastSwiftUpdateCheck = 1020;
				LastUpgradeCheck = 1020;
				ORGANIZATIONNAME = "Zhi Wei Zhang";
				TargetAttributes = {
					45B5D0BE22655463009B90BD = {
						CreatedOnToolsVersion = 10.2;
					};
				};
			};
			buildConfigurationList = 45B5D0BA22655463009B90BD /* Build configuration list for PBXProject "Chatting Time" */;
			compatibilityVersion = "Xcode 9.3";
			developmentRegion = en;
			hasScannedForEncodings = 0;
			knownRegions = (
				en,
				Base,
			);
			mainGroup = 45B5D0B622655463009B90BD;
			productRefGroup = 45B5D0C022655463009B90BD /* Products */;
			projectDirPath = "";
			projectRoot = "";
			targets = (
				45B5D0BE22655463009B90BD /* Chatting Time */,
			);
		};
/* End PBXProject section */

/* Begin PBXResourcesBuildPhase section */
		45B5D0BD22655463009B90BD /* Resources */ = {
			isa = PBXResourcesBuildPhase;
			buildActionMask = 2147483647;
			files = (
				45B5D0CD22655464009B90BD /* LaunchScreen.storyboard in Resources */,
				458F06582278AC3B0053019C /* GoogleService-Info.plist in Resources */,
				45B5D0CA22655464009B90BD /* Assets.xcassets in Resources */,
				458F066E227E4AF70053019C /* CustomMessageCell.xib in Resources */,
				45B5D0C822655463009B90BD /* Main.storyboard in Resources */,
			);
			runOnlyForDeploymentPostprocessing = 0;
		};
/* End PBXResourcesBuildPhase section */

/* Begin PBXShellScriptBuildPhase section */
		32FBE15A1B5069F83A110768 /* [CP] Embed Pods Frameworks */ = {
			isa = PBXShellScriptBuildPhase;
			buildActionMask = 2147483647;
			files = (
			);
			inputFileListPaths = (
			);
			inputPaths = (
				"${PODS_ROOT}/Target Support Files/Pods-Chatting Time/Pods-Chatting Time-frameworks.sh",
				"${BUILT_PRODUCTS_DIR}/ChameleonFramework/ChameleonFramework.framework",
				"${BUILT_PRODUCTS_DIR}/GTMSessionFetcher/GTMSessionFetcher.framework",
				"${BUILT_PRODUCTS_DIR}/GoogleUtilities/GoogleUtilities.framework",
				"${BUILT_PRODUCTS_DIR}/SVProgressHUD/SVProgressHUD.framework",
				"${BUILT_PRODUCTS_DIR}/leveldb-library/leveldb.framework",
				"${BUILT_PRODUCTS_DIR}/nanopb/nanopb.framework",
			);
			name = "[CP] Embed Pods Frameworks";
			outputFileListPaths = (
			);
			outputPaths = (
				"${TARGET_BUILD_DIR}/${FRAMEWORKS_FOLDER_PATH}/ChameleonFramework.framework",
				"${TARGET_BUILD_DIR}/${FRAMEWORKS_FOLDER_PATH}/GTMSessionFetcher.framework",
				"${TARGET_BUILD_DIR}/${FRAMEWORKS_FOLDER_PATH}/GoogleUtilities.framework",
				"${TARGET_BUILD_DIR}/${FRAMEWORKS_FOLDER_PATH}/SVProgressHUD.framework",
				"${TARGET_BUILD_DIR}/${FRAMEWORKS_FOLDER_PATH}/leveldb.framework",
				"${TARGET_BUILD_DIR}/${FRAMEWORKS_FOLDER_PATH}/nanopb.framework",
			);
			runOnlyForDeploymentPostprocessing = 0;
			shellPath = /bin/sh;
			shellScript = "\"${PODS_ROOT}/Target Support Files/Pods-Chatting Time/Pods-Chatting Time-frameworks.sh\"\n";
			showEnvVarsInLog = 0;
		};
		E26E73EEB92A6B227B788CC2 /* [CP] Check Pods Manifest.lock */ = {
			isa = PBXShellScriptBuildPhase;
			buildActionMask = 2147483647;
			files = (
			);
			inputFileListPaths = (
			);
			inputPaths = (
				"${PODS_PODFILE_DIR_PATH}/Podfile.lock",
				"${PODS_ROOT}/Manifest.lock",
			);
			name = "[CP] Check Pods Manifest.lock";
			outputFileListPaths = (
			);
			outputPaths = (
				"$(DERIVED_FILE_DIR)/Pods-Chatting Time-checkManifestLockResult.txt",
			);
			runOnlyForDeploymentPostprocessing = 0;
			shellPath = /bin/sh;
			shellScript = "diff \"${PODS_PODFILE_DIR_PATH}/Podfile.lock\" \"${PODS_ROOT}/Manifest.lock\" > /dev/null\nif [ $? != 0 ] ; then\n    # print error to STDERR\n    echo \"error: The sandbox is not in sync with the Podfile.lock. Run 'pod install' or update your CocoaPods installation.\" >&2\n    exit 1\nfi\n# This output is used by Xcode 'outputs' to avoid re-running this script phase.\necho \"SUCCESS\" > \"${SCRIPT_OUTPUT_FILE_0}\"\n";
			showEnvVarsInLog = 0;
		};
/* End PBXShellScriptBuildPhase section */

/* Begin PBXSourcesBuildPhase section */
		45B5D0BB22655463009B90BD /* Sources */ = {
			isa = PBXSourcesBuildPhase;
			buildActionMask = 2147483647;
			files = (
				458F066D227E4AF70053019C /* CustomMessageCell.swift in Sources */,
				45B5D0C522655463009B90BD /* WelcomeViewController.swift in Sources */,
				45A3B55622691534005CC12C /* ChattingViewController.swift in Sources */,
				45B5D0C322655463009B90BD /* AppDelegate.swift in Sources */,
				458F0653226AB6180053019C /* Message.swift in Sources */,
				45A3B552226914DF005CC12C /* LogInViewController.swift in Sources */,
				45A3B5542269150D005CC12C /* RegisterViewController.swift in Sources */,
			);
			runOnlyForDeploymentPostprocessing = 0;
		};
/* End PBXSourcesBuildPhase section */

/* Begin PBXVariantGroup section */
		45B5D0C622655463009B90BD /* Main.storyboard */ = {
			isa = PBXVariantGroup;
			children = (
				45B5D0C722655463009B90BD /* Base */,
			);
			name = Main.storyboard;
			sourceTree = "<group>";
		};
		45B5D0CB22655464009B90BD /* LaunchScreen.storyboard */ = {
			isa = PBXVariantGroup;
			children = (
				45B5D0CC22655464009B90BD /* Base */,
			);
			name = LaunchScreen.storyboard;
			sourceTree = "<group>";
		};
/* End PBXVariantGroup section */

/* Begin XCBuildConfiguration section */
		45B5D0CF22655464009B90BD /* Debug */ = {
			isa = XCBuildConfiguration;
			buildSettings = {
				ALWAYS_SEARCH_USER_PATHS = NO;
				CLANG_ANALYZER_NONNULL = YES;
				CLANG_ANALYZER_NUMBER_OBJECT_CONVERSION = YES_AGGRESSIVE;
				CLANG_CXX_LANGUAGE_STANDARD = "gnu++14";
				CLANG_CXX_LIBRARY = "libc++";
				CLANG_ENABLE_MODULES = YES;
				CLANG_ENABLE_OBJC_ARC = YES;
				CLANG_ENABLE_OBJC_WEAK = YES;
				CLANG_WARN_BLOCK_CAPTURE_AUTORELEASING = YES;
				CLANG_WARN_BOOL_CONVERSION = YES;
				CLANG_WARN_COMMA = YES;
				CLANG_WARN_CONSTANT_CONVERSION = YES;
				CLANG_WARN_DEPRECATED_OBJC_IMPLEMENTATIONS = YES;
				CLANG_WARN_DIRECT_OBJC_ISA_USAGE = YES_ERROR;
				CLANG_WARN_DOCUMENTATION_COMMENTS = YES;
				CLANG_WARN_EMPTY_BODY = YES;
				CLANG_WARN_ENUM_CONVERSION = YES;
				CLANG_WARN_INFINITE_RECURSION = YES;
				CLANG_WARN_INT_CONVERSION = YES;
				CLANG_WARN_NON_LITERAL_NULL_CONVERSION = YES;
				CLANG_WARN_OBJC_IMPLICIT_RETAIN_SELF = YES;
				CLANG_WARN_OBJC_LITERAL_CONVERSION = YES;
				CLANG_WARN_OBJC_ROOT_CLASS = YES_ERROR;
				CLANG_WARN_RANGE_LOOP_ANALYSIS = YES;
				CLANG_WARN_STRICT_PROTOTYPES = YES;
				CLANG_WARN_SUSPICIOUS_MOVE = YES;
				CLANG_WARN_UNGUARDED_AVAILABILITY = YES_AGGRESSIVE;
				CLANG_WARN_UNREACHABLE_CODE = YES;
				CLANG_WARN__DUPLICATE_METHOD_MATCH = YES;
				CODE_SIGN_IDENTITY = "iPhone Developer";
				COPY_PHASE_STRIP = NO;
				DEBUG_INFORMATION_FORMAT = dwarf;
				ENABLE_STRICT_OBJC_MSGSEND = YES;
				ENABLE_TESTABILITY = YES;
				GCC_C_LANGUAGE_STANDARD = gnu11;
				GCC_DYNAMIC_NO_PIC = NO;
				GCC_NO_COMMON_BLOCKS = YES;
				GCC_OPTIMIZATION_LEVEL = 0;
				GCC_PREPROCESSOR_DEFINITIONS = (
					"DEBUG=1",
					"$(inherited)",
				);
				GCC_WARN_64_TO_32_BIT_CONVERSION = YES;
				GCC_WARN_ABOUT_RETURN_TYPE = YES_ERROR;
				GCC_WARN_UNDECLARED_SELECTOR = YES;
				GCC_WARN_UNINITIALIZED_AUTOS = YES_AGGRESSIVE;
				GCC_WARN_UNUSED_FUNCTION = YES;
				GCC_WARN_UNUSED_VARIABLE = YES;
				IPHONEOS_DEPLOYMENT_TARGET = 12.2;
				MTL_ENABLE_DEBUG_INFO = INCLUDE_SOURCE;
				MTL_FAST_MATH = YES;
				ONLY_ACTIVE_ARCH = YES;
				SDKROOT = iphoneos;
				SWIFT_ACTIVE_COMPILATION_CONDITIONS = DEBUG;
				SWIFT_OPTIMIZATION_LEVEL = "-Onone";
			};
			name = Debug;
		};
		45B5D0D022655464009B90BD /* Release */ = {
			isa = XCBuildConfiguration;
			buildSettings = {
				ALWAYS_SEARCH_USER_PATHS = NO;
				CLANG_ANALYZER_NONNULL = YES;
				CLANG_ANALYZER_NUMBER_OBJECT_CONVERSION = YES_AGGRESSIVE;
				CLANG_CXX_LANGUAGE_STANDARD = "gnu++14";
				CLANG_CXX_LIBRARY = "libc++";
				CLANG_ENABLE_MODULES = YES;
				CLANG_ENABLE_OBJC_ARC = YES;
				CLANG_ENABLE_OBJC_WEAK = YES;
				CLANG_WARN_BLOCK_CAPTURE_AUTORELEASING = YES;
				CLANG_WARN_BOOL_CONVERSION = YES;
				CLANG_WARN_COMMA = YES;
				CLANG_WARN_CONSTANT_CONVERSION = YES;
				CLANG_WARN_DEPRECATED_OBJC_IMPLEMENTATIONS = YES;
				CLANG_WARN_DIRECT_OBJC_ISA_USAGE = YES_ERROR;
				CLANG_WARN_DOCUMENTATION_COMMENTS = YES;
				CLANG_WARN_EMPTY_BODY = YES;
				CLANG_WARN_ENUM_CONVERSION = YES;
				CLANG_WARN_INFINITE_RECURSION = YES;
				CLANG_WARN_INT_CONVERSION = YES;
				CLANG_WARN_NON_LITERAL_NULL_CONVERSION = YES;
				CLANG_WARN_OBJC_IMPLICIT_RETAIN_SELF = YES;
				CLANG_WARN_OBJC_LITERAL_CONVERSION = YES;
				CLANG_WARN_OBJC_ROOT_CLASS = YES_ERROR;
				CLANG_WARN_RANGE_LOOP_ANALYSIS = YES;
				CLANG_WARN_STRICT_PROTOTYPES = YES;
				CLANG_WARN_SUSPICIOUS_MOVE = YES;
				CLANG_WARN_UNGUARDED_AVAILABILITY = YES_AGGRESSIVE;
				CLANG_WARN_UNREACHABLE_CODE = YES;
				CLANG_WARN__DUPLICATE_METHOD_MATCH = YES;
				CODE_SIGN_IDENTITY = "iPhone Developer";
				COPY_PHASE_STRIP = NO;
				DEBUG_INFORMATION_FORMAT = "dwarf-with-dsym";
				ENABLE_NS_ASSERTIONS = NO;
				ENABLE_STRICT_OBJC_MSGSEND = YES;
				GCC_C_LANGUAGE_STANDARD = gnu11;
				GCC_NO_COMMON_BLOCKS = YES;
				GCC_WARN_64_TO_32_BIT_CONVERSION = YES;
				GCC_WARN_ABOUT_RETURN_TYPE = YES_ERROR;
				GCC_WARN_UNDECLARED_SELECTOR = YES;
				GCC_WARN_UNINITIALIZED_AUTOS = YES_AGGRESSIVE;
				GCC_WARN_UNUSED_FUNCTION = YES;
				GCC_WARN_UNUSED_VARIABLE = YES;
				IPHONEOS_DEPLOYMENT_TARGET = 12.2;
				MTL_ENABLE_DEBUG_INFO = NO;
				MTL_FAST_MATH = YES;
				SDKROOT = iphoneos;
				SWIFT_COMPILATION_MODE = wholemodule;
				SWIFT_OPTIMIZATION_LEVEL = "-O";
				VALIDATE_PRODUCT = YES;
			};
			name = Release;
		};
		45B5D0D222655464009B90BD /* Debug */ = {
			isa = XCBuildConfiguration;
			baseConfigurationReference = 009F94D57BD6CDBF925707A8 /* Pods-Chatting Time.debug.xcconfig */;
			buildSettings = {
				ASSETCATALOG_COMPILER_APPICON_NAME = AppIcon;
				CODE_SIGN_STYLE = Automatic;
				DEVELOPMENT_TEAM = Q369FK9888;
				INFOPLIST_FILE = "$(SRCROOT)/Chatting Time/Supporting Files/Info.plist";
				LD_RUNPATH_SEARCH_PATHS = (
					"$(inherited)",
					"@executable_path/Frameworks",
				);
				PRODUCT_BUNDLE_IDENTIFIER = "com.jayzhang.Chatting-Time";
				PRODUCT_NAME = "$(TARGET_NAME)";
				SWIFT_VERSION = 5.0;
				TARGETED_DEVICE_FAMILY = "1,2";
			};
			name = Debug;
		};
		45B5D0D322655464009B90BD /* Release */ = {
			isa = XCBuildConfiguration;
			baseConfigurationReference = FF4A3681B76C35B6E314F973 /* Pods-Chatting Time.release.xcconfig */;
			buildSettings = {
				ASSETCATALOG_COMPILER_APPICON_NAME = AppIcon;
				CODE_SIGN_STYLE = Automatic;
				DEVELOPMENT_TEAM = Q369FK9888;
				INFOPLIST_FILE = "$(SRCROOT)/Chatting Time/Supporting Files/Info.plist";
				LD_RUNPATH_SEARCH_PATHS = (
					"$(inherited)",
					"@executable_path/Frameworks",
				);
				PRODUCT_BUNDLE_IDENTIFIER = "com.jayzhang.Chatting-Time";
				PRODUCT_NAME = "$(TARGET_NAME)";
				SWIFT_VERSION = 5.0;
				TARGETED_DEVICE_FAMILY = "1,2";
			};
			name = Release;
		};
/* End XCBuildConfiguration section */

/* Begin XCConfigurationList section */
		45B5D0BA22655463009B90BD /* Build configuration list for PBXProject "Chatting Time" */ = {
			isa = XCConfigurationList;
			buildConfigurations = (
				45B5D0CF22655464009B90BD /* Debug */,
				45B5D0D022655464009B90BD /* Release */,
			);
			defaultConfigurationIsVisible = 0;
			defaultConfigurationName = Release;
		};
		45B5D0D122655464009B90BD /* Build configuration list for PBXNativeTarget "Chatting Time" */ = {
			isa = XCConfigurationList;
			buildConfigurations = (
				45B5D0D222655464009B90BD /* Debug */,
				45B5D0D322655464009B90BD /* Release */,
			);
			defaultConfigurationIsVisible = 0;
			defaultConfigurationName = Release;
		};
/* End XCConfigurationList section */
	};
	rootObject = 45B5D0B722655463009B90BD /* Project object */;
}
